
Microsoft Visual Studio Solution File, Format Version 12.00
# Visual Studio Version 17
VisualStudioVersion = 17.10.35013.160
MinimumVisualStudioVersion = 10.0.40219.1
Project("{FAE04EC0-301F-11D3-BF4B-00C04F79EFBC}") = "LeetcodePractice", "LeetcodePractice.csproj", "{763321B7-BF78-4C1A-8A02-E5BAD49E0B2B}"
EndProject
Global
	GlobalSection(SolutionConfigurationPlatforms) = preSolution
		Debug|Any CPU = Debug|Any CPU
		Release|Any CPU = Release|Any CPU
	EndGlobalSection
	GlobalSection(ProjectConfigurationPlatforms) = postSolution
		{763321B7-BF78-4C1A-8A02-E5BAD49E0B2B}.Debug|Any CPU.ActiveCfg = Debug|Any CPU
		{763321B7-BF78-4C1A-8A02-E5BAD49E0B2B}.Debug|Any CPU.Build.0 = Debug|Any CPU
		{763321B7-BF78-4C1A-8A02-E5BAD49E0B2B}.Release|Any CPU.ActiveCfg = Release|Any CPU
		{763321B7-BF78-4C1A-8A02-E5BAD49E0B2B}.Release|Any CPU.Build.0 = Release|Any CPU
	EndGlobalSection
	GlobalSection(SolutionProperties) = preSolution
		HideSolutionNode = FALSE
	EndGlobalSection
	GlobalSection(ExtensibilityGlobals) = postSolution
		SolutionGuid = {10B6C226-4F37-4C2B-8A52-81534FE1AA91}
	EndGlobalSection
EndGlobal
